
Microsoft Visual Studio Solution File, Format Version 12.00
# Visual Studio Version 17
VisualStudioVersion = 17.5.2.0
MinimumVisualStudioVersion = 10.0.40219.1
Project("{FAE04EC0-301F-11D3-BF4B-00C04F79EFBC}") = "LumenGuard.Core", "LumenGuard.Core\LumenGuard.Core.csproj", "{1E0F8C8A-5D2F-4C3E-9A7B-3F2B2C1D4E5F}"
EndProject
Project("{FAE04EC0-301F-11D3-BF4B-00C04F79EFBC}") = "LumenGuard.Gateway", "LumenGuard.Gateway\LumenGuard.Gateway.csproj", "{EAAE9D54-F3F6-4163-95F5-16BBECA3B015}"
EndProject
Global
	GlobalSection(SolutionConfigurationPlatforms) = preSolution
		Debug|Any CPU = Debug|Any CPU
		Debug|x64 = Debug|x64
		Debug|x86 = Debug|x86
		Release|Any CPU = Release|Any CPU
		Release|x64 = Release|x64
		Release|x86 = Release|x86
	EndGlobalSection
	GlobalSection(ProjectConfigurationPlatforms) = postSolution
		{1E0F8C8A-5D2F-4C3E-9A7B-3F2B2C1D4E5F}.Debug|Any CPU.ActiveCfg = Debug|Any CPU
		{1E0F8C8A-5D2F-4C3E-9A7B-3F2B2C1D4E5F}.Debug|Any CPU.Build.0 = Debug|Any CPU
		{1E0F8C8A-5D2F-4C3E-9A7B-3F2B2C1D4E5F}.Debug|x64.ActiveCfg = Debug|Any CPU
		{1E0F8C8A-5D2F-4C3E-9A7B-3F2B2C1D4E5F}.Debug|x64.Build.0 = Debug|Any CPU
		{1E0F8C8A-5D2F-4C3E-9A7B-3F2B2C1D4E5F}.Debug|x86.ActiveCfg = Debug|Any CPU
		{1E0F8C8A-5D2F-4C3E-9A7B-3F2B2C1D4E5F}.Debug|x86.Build.0 = Debug|Any CPU
		{1E0F8C8A-5D2F-4C3E-9A7B-3F2B2C1D4E5F}.Release|Any CPU.ActiveCfg = Release|Any CPU
		{1E0F8C8A-5D2F-4C3E-9A7B-3F2B2C1D4E5F}.Release|Any CPU.Build.0 = Release|Any CPU
		{1E0F8C8A-5D2F-4C3E-9A7B-3F2B2C1D4E5F}.Release|x64.ActiveCfg = Release|Any CPU
		{1E0F8C8A-5D2F-4C3E-9A7B-3F2B2C1D4E5F}.Release|x64.Build.0 = Release|Any CPU
		{1E0F8C8A-5D2F-4C3E-9A7B-3F2B2C1D4E5F}.Release|x86.ActiveCfg = Release|Any CPU
		{1E0F8C8A-5D2F-4C3E-9A7B-3F2B2C1D4E5F}.Release|x86.Build.0 = Release|Any CPU
		{EAAE9D54-F3F6-4163-95F5-16BBECA3B015}.Debug|Any CPU.ActiveCfg = Debug|Any CPU
		{EAAE9D54-F3F6-4163-95F5-16BBECA3B015}.Debug|Any CPU.Build.0 = Debug|Any CPU
		{EAAE9D54-F3F6-4163-95F5-16BBECA3B015}.Debug|x64.ActiveCfg = Debug|Any CPU
		{EAAE9D54-F3F6-4163-95F5-16BBECA3B015}.Debug|x64.Build.0 = Debug|Any CPU
		{EAAE9D54-F3F6-4163-95F5-16BBECA3B015}.Debug|x86.ActiveCfg = Debug|Any CPU
		{EAAE9D54-F3F6-4163-95F5-16BBECA3B015}.Debug|x86.Build.0 = Debug|Any CPU
		{EAAE9D54-F3F6-4163-95F5-16BBECA3B015}.Release|Any CPU.ActiveCfg = Release|Any CPU
		{EAAE9D54-F3F6-4163-95F5-16BBECA3B015}.Release|Any CPU.Build.0 = Release|Any CPU
		{EAAE9D54-F3F6-4163-95F5-16BBECA3B015}.Release|x64.ActiveCfg = Release|Any CPU
		{EAAE9D54-F3F6-4163-95F5-16BBECA3B015}.Release|x64.Build.0 = Release|Any CPU
		{EAAE9D54-F3F6-4163-95F5-16BBECA3B015}.Release|x86.ActiveCfg = Release|Any CPU
		{EAAE9D54-F3F6-4163-95F5-16BBECA3B015}.Release|x86.Build.0 = Release|Any CPU
	EndGlobalSection
	GlobalSection(SolutionProperties) = preSolution
		HideSolutionNode = FALSE
	EndGlobalSection
	GlobalSection(ExtensibilityGlobals) = postSolution
		SolutionGuid = {4AD8BB79-727A-45A6-A1CB-8DF36E73FAFB}
	EndGlobalSection
EndGlobal
